
Microsoft Visual Studio Solution File, Format Version 12.00
# Visual Studio Version 16
VisualStudioVersion = 16.0.32510.428
MinimumVisualStudioVersion = 10.0.40219.1
Project("{FAE04EC0-301F-11D3-BF4B-00C04F79EFBC}") = "VanguardAlphaTelegramBot", "VanguardAlphaTelegramBot\VanguardAlphaTelegramBot.csproj", "{BBEC451B-1085-4E05-B872-16CD9B54A882}"
EndProject
Global
	GlobalSection(SolutionConfigurationPlatforms) = preSolution
		Debug|Any CPU = Debug|Any CPU
		Release|Any CPU = Release|Any CPU
	EndGlobalSection
	GlobalSection(ProjectConfigurationPlatforms) = postSolution
		{BBEC451B-1085-4E05-B872-16CD9B54A882}.Debug|Any CPU.ActiveCfg = Debug|Any CPU
		{BBEC451B-1085-4E05-B872-16CD9B54A882}.Debug|Any CPU.Build.0 = Debug|Any CPU
		{BBEC451B-1085-4E05-B872-16CD9B54A882}.Release|Any CPU.ActiveCfg = Release|Any CPU
		{BBEC451B-1085-4E05-B872-16CD9B54A882}.Release|Any CPU.Build.0 = Release|Any CPU
	EndGlobalSection
	GlobalSection(SolutionProperties) = preSolution
		HideSolutionNode = FALSE
	EndGlobalSection
	GlobalSection(ExtensibilityGlobals) = postSolution
		SolutionGuid = {C918C21A-C0B8-4231-B3CD-74B3418E8858}
	EndGlobalSection
EndGlobal
